
Microsoft Visual Studio Solution File, Format Version 12.00
# Visual Studio Version 16
VisualStudioVersion = 16.0.32802.440
MinimumVisualStudioVersion = 10.0.40219.1
Project("{9A19103F-16F7-4668-BE54-9A1E7A4F7556}") = "ASPNET5_Udemy_1", "ASPNET5_Udemy_1.csproj", "{AE4C5E65-A3BF-4D4C-9AF6-D34B9C1FB5B1}"
EndProject
Global
	GlobalSection(SolutionConfigurationPlatforms) = preSolution
		Debug|Any CPU = Debug|Any CPU
		Release|Any CPU = Release|Any CPU
	EndGlobalSection
	GlobalSection(ProjectConfigurationPlatforms) = postSolution
		{AE4C5E65-A3BF-4D4C-9AF6-D34B9C1FB5B1}.Debug|Any CPU.ActiveCfg = Debug|Any CPU
		{AE4C5E65-A3BF-4D4C-9AF6-D34B9C1FB5B1}.Debug|Any CPU.Build.0 = Debug|Any CPU
		{AE4C5E65-A3BF-4D4C-9AF6-D34B9C1FB5B1}.Release|Any CPU.ActiveCfg = Release|Any CPU
		{AE4C5E65-A3BF-4D4C-9AF6-D34B9C1FB5B1}.Release|Any CPU.Build.0 = Release|Any CPU
	EndGlobalSection
	GlobalSection(SolutionProperties) = preSolution
		HideSolutionNode = FALSE
	EndGlobalSection
	GlobalSection(ExtensibilityGlobals) = postSolution
		SolutionGuid = {3DDF69EB-2F8C-4F75-BB3B-48B8D659F8DD}
	EndGlobalSection
EndGlobal
